
Microsoft Visual Studio Solution File, Format Version 12.00
# Visual Studio Version 17
VisualStudioVersion = 17.13.35828.75 d17.13
MinimumVisualStudioVersion = 10.0.40219.1
Project("{FAE04EC0-301F-11D3-BF4B-00C04F79EFBC}") = "Carrera_de_Animales", "Carrera_de_Animales\Carrera_de_Animales.csproj", "{72FDD797-9D29-4CD1-8B72-2D642FB89505}"
EndProject
Global
	GlobalSection(SolutionConfigurationPlatforms) = preSolution
		Debug|Any CPU = Debug|Any CPU
		Release|Any CPU = Release|Any CPU
	EndGlobalSection
	GlobalSection(ProjectConfigurationPlatforms) = postSolution
		{72FDD797-9D29-4CD1-8B72-2D642FB89505}.Debug|Any CPU.ActiveCfg = Debug|Any CPU
		{72FDD797-9D29-4CD1-8B72-2D642FB89505}.Debug|Any CPU.Build.0 = Debug|Any CPU
		{72FDD797-9D29-4CD1-8B72-2D642FB89505}.Release|Any CPU.ActiveCfg = Release|Any CPU
		{72FDD797-9D29-4CD1-8B72-2D642FB89505}.Release|Any CPU.Build.0 = Release|Any CPU
	EndGlobalSection
	GlobalSection(SolutionProperties) = preSolution
		HideSolutionNode = FALSE
	EndGlobalSection
	GlobalSection(ExtensibilityGlobals) = postSolution
		SolutionGuid = {936440AA-4F99-4CFB-81B1-EFEB14AAD3E6}
	EndGlobalSection
EndGlobal
